
Microsoft Visual Studio Solution File, Format Version 12.00
# Visual Studio 15
VisualStudioVersion = 15.0.28010.2016
MinimumVisualStudioVersion = 10.0.40219.1
Project("{8BC9CEB8-8B4A-11D0-8D11-00A0C91BC942}") = "Address book", "Address book\Address book.vcxproj", "{4C364B5E-7B71-46DD-82A5-79449A8A39F5}"
EndProject
Project("{2150E333-8FDC-42A3-9474-1A3956D46DE8}") = "Solution Items", "Solution Items", "{39158F59-FD57-4E54-AA24-E5914DC2B94F}"
	ProjectSection(SolutionItems) = preProject
		data.txt = data.txt
	EndProjectSection
EndProject
Global
	GlobalSection(SolutionConfigurationPlatforms) = preSolution
		Debug|x64 = Debug|x64
		Debug|x86 = Debug|x86
		Release|x64 = Release|x64
		Release|x86 = Release|x86
	EndGlobalSection
	GlobalSection(ProjectConfigurationPlatforms) = postSolution
		{4C364B5E-7B71-46DD-82A5-79449A8A39F5}.Debug|x64.ActiveCfg = Debug|x64
		{4C364B5E-7B71-46DD-82A5-79449A8A39F5}.Debug|x64.Build.0 = Debug|x64
		{4C364B5E-7B71-46DD-82A5-79449A8A39F5}.Debug|x86.ActiveCfg = Debug|Win32
		{4C364B5E-7B71-46DD-82A5-79449A8A39F5}.Debug|x86.Build.0 = Debug|Win32
		{4C364B5E-7B71-46DD-82A5-79449A8A39F5}.Release|x64.ActiveCfg = Release|x64
		{4C364B5E-7B71-46DD-82A5-79449A8A39F5}.Release|x64.Build.0 = Release|x64
		{4C364B5E-7B71-46DD-82A5-79449A8A39F5}.Release|x86.ActiveCfg = Release|Win32
		{4C364B5E-7B71-46DD-82A5-79449A8A39F5}.Release|x86.Build.0 = Release|Win32
	EndGlobalSection
	GlobalSection(SolutionProperties) = preSolution
		HideSolutionNode = FALSE
	EndGlobalSection
	GlobalSection(ExtensibilityGlobals) = postSolution
		SolutionGuid = {6371C38E-CDED-49C3-828A-B66E6B4B09FA}
	EndGlobalSection
EndGlobal
